
Microsoft Visual Studio Solution File, Format Version 12.00
# Visual Studio Version 17
VisualStudioVersion = 17.12.35514.174
MinimumVisualStudioVersion = 10.0.40219.1
Project("{FAE04EC0-301F-11D3-BF4B-00C04F79EFBC}") = "Presentation.Console.MainApp", "Presentation.Console.MainApp\Presentation.Console.MainApp.csproj", "{B21223A0-31CA-4982-AE3C-0B845E4D15E8}"
EndProject
Project("{FAE04EC0-301F-11D3-BF4B-00C04F79EFBC}") = "Business", "Business\Business.csproj", "{94E5FF9C-C74A-4BCC-A74D-520026110C73}"
EndProject
Global
	GlobalSection(SolutionConfigurationPlatforms) = preSolution
		Debug|Any CPU = Debug|Any CPU
		Release|Any CPU = Release|Any CPU
	EndGlobalSection
	GlobalSection(ProjectConfigurationPlatforms) = postSolution
		{B21223A0-31CA-4982-AE3C-0B845E4D15E8}.Debug|Any CPU.ActiveCfg = Debug|Any CPU
		{B21223A0-31CA-4982-AE3C-0B845E4D15E8}.Debug|Any CPU.Build.0 = Debug|Any CPU
		{B21223A0-31CA-4982-AE3C-0B845E4D15E8}.Release|Any CPU.ActiveCfg = Release|Any CPU
		{B21223A0-31CA-4982-AE3C-0B845E4D15E8}.Release|Any CPU.Build.0 = Release|Any CPU
		{94E5FF9C-C74A-4BCC-A74D-520026110C73}.Debug|Any CPU.ActiveCfg = Debug|Any CPU
		{94E5FF9C-C74A-4BCC-A74D-520026110C73}.Debug|Any CPU.Build.0 = Debug|Any CPU
		{94E5FF9C-C74A-4BCC-A74D-520026110C73}.Release|Any CPU.ActiveCfg = Release|Any CPU
		{94E5FF9C-C74A-4BCC-A74D-520026110C73}.Release|Any CPU.Build.0 = Release|Any CPU
	EndGlobalSection
	GlobalSection(SolutionProperties) = preSolution
		HideSolutionNode = FALSE
	EndGlobalSection
EndGlobal
